{
  "object": {
    "pins": [
      {
        "package": "Guaka",
        "repositoryURL": "https://github.com/nsomar/Guaka.git",
        "state": {
          "branch": null,
          "revision": "6fb29b2378166a30d72120980e1c099c664598de",
          "version": "0.4.1"
        }
      },
      {
        "package": "StringScanner",
        "repositoryURL": "https://github.com/getGuaka/StringScanner.git",
        "state": {
          "branch": null,
          "revision": "c2cf5c81dade9486386f1cacd917c03e959a3005",
          "version": "0.3.0"
        }
      }
    ]
  },
  "version": 1
}
