// !$*UTF8*$!
{
	archiveVersion = 1;
	classes = {
	};
	objectVersion = 46;
	objects = {

/* Begin PBXBuildFile section */
		OBJ_105 /* Package.swift in Sources */ = {isa = PBXBuildFile; fileRef = OBJ_50 /* Package.swift */; };
		OBJ_110 /* CharacterSet.swift in Sources */ = {isa = PBXBuildFile; fileRef = OBJ_53 /* CharacterSet.swift */; };
		OBJ_111 /* Regex.swift in Sources */ = {isa = PBXBuildFile; fileRef = OBJ_54 /* Regex.swift */; };
		OBJ_112 /* ScannerResult.swift in Sources */ = {isa = PBXBuildFile; fileRef = OBJ_55 /* ScannerResult.swift */; };
		OBJ_113 /* StringExtension.swift in Sources */ = {isa = PBXBuildFile; fileRef = OBJ_56 /* StringExtension.swift */; };
		OBJ_114 /* StringScanner.swift in Sources */ = {isa = PBXBuildFile; fileRef = OBJ_57 /* StringScanner.swift */; };
		OBJ_121 /* Package.swift in Sources */ = {isa = PBXBuildFile; fileRef = OBJ_58 /* Package.swift */; };
		OBJ_127 /* connect.swift in Sources */ = {isa = PBXBuildFile; fileRef = OBJ_9 /* connect.swift */; };
		OBJ_128 /* main.swift in Sources */ = {isa = PBXBuildFile; fileRef = OBJ_10 /* main.swift */; };
		OBJ_129 /* root.swift in Sources */ = {isa = PBXBuildFile; fileRef = OBJ_11 /* root.swift */; };
		OBJ_130 /* scan.swift in Sources */ = {isa = PBXBuildFile; fileRef = OBJ_12 /* scan.swift */; };
		OBJ_131 /* setup.swift in Sources */ = {isa = PBXBuildFile; fileRef = OBJ_13 /* setup.swift */; };
		OBJ_132 /* utils.swift in Sources */ = {isa = PBXBuildFile; fileRef = OBJ_14 /* utils.swift */; };
		OBJ_134 /* Guaka.framework in Frameworks */ = {isa = PBXBuildFile; fileRef = "Guaka::Guaka::Product" /* Guaka.framework */; };
		OBJ_135 /* StringScanner.framework in Frameworks */ = {isa = PBXBuildFile; fileRef = "StringScanner::StringScanner::Product" /* StringScanner.framework */; };
		OBJ_143 /* Package.swift in Sources */ = {isa = PBXBuildFile; fileRef = OBJ_6 /* Package.swift */; };
		OBJ_72 /* Command+Execution.swift in Sources */ = {isa = PBXBuildFile; fileRef = OBJ_20 /* Command+Execution.swift */; };
		OBJ_73 /* Command+Utilities.swift in Sources */ = {isa = PBXBuildFile; fileRef = OBJ_21 /* Command+Utilities.swift */; };
		OBJ_74 /* Command.swift in Sources */ = {isa = PBXBuildFile; fileRef = OBJ_22 /* Command.swift */; };
		OBJ_75 /* CommandTypes.swift in Sources */ = {isa = PBXBuildFile; fileRef = OBJ_23 /* CommandTypes.swift */; };
		OBJ_76 /* CommandExecution.swift in Sources */ = {isa = PBXBuildFile; fileRef = OBJ_25 /* CommandExecution.swift */; };
		OBJ_77 /* Flag+Utilities.swift in Sources */ = {isa = PBXBuildFile; fileRef = OBJ_27 /* Flag+Utilities.swift */; };
		OBJ_78 /* Flag.swift in Sources */ = {isa = PBXBuildFile; fileRef = OBJ_28 /* Flag.swift */; };
		OBJ_79 /* FlagSet.swift in Sources */ = {isa = PBXBuildFile; fileRef = OBJ_29 /* FlagSet.swift */; };
		OBJ_80 /* Flags.swift in Sources */ = {isa = PBXBuildFile; fileRef = OBJ_30 /* Flags.swift */; };
		OBJ_81 /* CommandHelp.swift in Sources */ = {isa = PBXBuildFile; fileRef = OBJ_32 /* CommandHelp.swift */; };
		OBJ_82 /* DefaultHelpGenerator.swift in Sources */ = {isa = PBXBuildFile; fileRef = OBJ_33 /* DefaultHelpGenerator.swift */; };
		OBJ_83 /* FlagHelp.swift in Sources */ = {isa = PBXBuildFile; fileRef = OBJ_34 /* FlagHelp.swift */; };
		OBJ_84 /* FlagHelpGeneratorUtils.swift in Sources */ = {isa = PBXBuildFile; fileRef = OBJ_35 /* FlagHelpGeneratorUtils.swift */; };
		OBJ_85 /* HelpGenerator.swift in Sources */ = {isa = PBXBuildFile; fileRef = OBJ_36 /* HelpGenerator.swift */; };
		OBJ_86 /* HelpGeneratorDefaults.swift in Sources */ = {isa = PBXBuildFile; fileRef = OBJ_37 /* HelpGeneratorDefaults.swift */; };
		OBJ_87 /* HelpGeneratorErrors.swift in Sources */ = {isa = PBXBuildFile; fileRef = OBJ_38 /* HelpGeneratorErrors.swift */; };
		OBJ_88 /* GuakaConfig.swift in Sources */ = {isa = PBXBuildFile; fileRef = OBJ_40 /* GuakaConfig.swift */; };
		OBJ_89 /* Levenshtein.swift in Sources */ = {isa = PBXBuildFile; fileRef = OBJ_41 /* Levenshtein.swift */; };
		OBJ_90 /* ArgTokenType.swift in Sources */ = {isa = PBXBuildFile; fileRef = OBJ_43 /* ArgTokenType.swift */; };
		OBJ_91 /* Command+Parsing.swift in Sources */ = {isa = PBXBuildFile; fileRef = OBJ_44 /* Command+Parsing.swift */; };
		OBJ_92 /* FlagSet+Parsing.swift in Sources */ = {isa = PBXBuildFile; fileRef = OBJ_45 /* FlagSet+Parsing.swift */; };
		OBJ_93 /* Errors.swift in Sources */ = {isa = PBXBuildFile; fileRef = OBJ_47 /* Errors.swift */; };
		OBJ_94 /* FlagValue.swift in Sources */ = {isa = PBXBuildFile; fileRef = OBJ_48 /* FlagValue.swift */; };
		OBJ_95 /* Result.swift in Sources */ = {isa = PBXBuildFile; fileRef = OBJ_49 /* Result.swift */; };
		OBJ_97 /* StringScanner.framework in Frameworks */ = {isa = PBXBuildFile; fileRef = "StringScanner::StringScanner::Product" /* StringScanner.framework */; };
/* End PBXBuildFile section */

/* Begin PBXContainerItemProxy section */
		7C9D6ABA2379A9240039F2B8 /* PBXContainerItemProxy */ = {
			isa = PBXContainerItemProxy;
			containerPortal = OBJ_1 /* Project object */;
			proxyType = 1;
			remoteGlobalIDString = "Guaka::Guaka";
			remoteInfo = Guaka;
		};
		7C9D6ABB2379A9240039F2B8 /* PBXContainerItemProxy */ = {
			isa = PBXContainerItemProxy;
			containerPortal = OBJ_1 /* Project object */;
			proxyType = 1;
			remoteGlobalIDString = "StringScanner::StringScanner";
			remoteInfo = StringScanner;
		};
		7C9D6ABC2379A9240039F2B8 /* PBXContainerItemProxy */ = {
			isa = PBXContainerItemProxy;
			containerPortal = OBJ_1 /* Project object */;
			proxyType = 1;
			remoteGlobalIDString = "StringScanner::StringScanner";
			remoteInfo = StringScanner;
		};
/* End PBXContainerItemProxy section */

/* Begin PBXFileReference section */
		"Guaka::Guaka::Product" /* Guaka.framework */ = {isa = PBXFileReference; lastKnownFileType = wrapper.framework; path = Guaka.framework; sourceTree = BUILT_PRODUCTS_DIR; };
		OBJ_10 /* main.swift */ = {isa = PBXFileReference; lastKnownFileType = sourcecode.swift; path = main.swift; sourceTree = "<group>"; };
		OBJ_11 /* root.swift */ = {isa = PBXFileReference; lastKnownFileType = sourcecode.swift; path = root.swift; sourceTree = "<group>"; };
		OBJ_12 /* scan.swift */ = {isa = PBXFileReference; lastKnownFileType = sourcecode.swift; path = scan.swift; sourceTree = "<group>"; };
		OBJ_13 /* setup.swift */ = {isa = PBXFileReference; lastKnownFileType = sourcecode.swift; path = setup.swift; sourceTree = "<group>"; };
		OBJ_14 /* utils.swift */ = {isa = PBXFileReference; lastKnownFileType = sourcecode.swift; path = utils.swift; sourceTree = "<group>"; };
		OBJ_20 /* Command+Execution.swift */ = {isa = PBXFileReference; lastKnownFileType = sourcecode.swift; path = "Command+Execution.swift"; sourceTree = "<group>"; };
		OBJ_21 /* Command+Utilities.swift */ = {isa = PBXFileReference; lastKnownFileType = sourcecode.swift; path = "Command+Utilities.swift"; sourceTree = "<group>"; };
		OBJ_22 /* Command.swift */ = {isa = PBXFileReference; lastKnownFileType = sourcecode.swift; path = Command.swift; sourceTree = "<group>"; };
		OBJ_23 /* CommandTypes.swift */ = {isa = PBXFileReference; lastKnownFileType = sourcecode.swift; path = CommandTypes.swift; sourceTree = "<group>"; };
		OBJ_25 /* CommandExecution.swift */ = {isa = PBXFileReference; lastKnownFileType = sourcecode.swift; path = CommandExecution.swift; sourceTree = "<group>"; };
		OBJ_27 /* Flag+Utilities.swift */ = {isa = PBXFileReference; lastKnownFileType = sourcecode.swift; path = "Flag+Utilities.swift"; sourceTree = "<group>"; };
		OBJ_28 /* Flag.swift */ = {isa = PBXFileReference; lastKnownFileType = sourcecode.swift; path = Flag.swift; sourceTree = "<group>"; };
		OBJ_29 /* FlagSet.swift */ = {isa = PBXFileReference; lastKnownFileType = sourcecode.swift; path = FlagSet.swift; sourceTree = "<group>"; };
		OBJ_30 /* Flags.swift */ = {isa = PBXFileReference; lastKnownFileType = sourcecode.swift; path = Flags.swift; sourceTree = "<group>"; };
		OBJ_32 /* CommandHelp.swift */ = {isa = PBXFileReference; lastKnownFileType = sourcecode.swift; path = CommandHelp.swift; sourceTree = "<group>"; };
		OBJ_33 /* DefaultHelpGenerator.swift */ = {isa = PBXFileReference; lastKnownFileType = sourcecode.swift; path = DefaultHelpGenerator.swift; sourceTree = "<group>"; };
		OBJ_34 /* FlagHelp.swift */ = {isa = PBXFileReference; lastKnownFileType = sourcecode.swift; path = FlagHelp.swift; sourceTree = "<group>"; };
		OBJ_35 /* FlagHelpGeneratorUtils.swift */ = {isa = PBXFileReference; lastKnownFileType = sourcecode.swift; path = FlagHelpGeneratorUtils.swift; sourceTree = "<group>"; };
		OBJ_36 /* HelpGenerator.swift */ = {isa = PBXFileReference; lastKnownFileType = sourcecode.swift; path = HelpGenerator.swift; sourceTree = "<group>"; };
		OBJ_37 /* HelpGeneratorDefaults.swift */ = {isa = PBXFileReference; lastKnownFileType = sourcecode.swift; path = HelpGeneratorDefaults.swift; sourceTree = "<group>"; };
		OBJ_38 /* HelpGeneratorErrors.swift */ = {isa = PBXFileReference; lastKnownFileType = sourcecode.swift; path = HelpGeneratorErrors.swift; sourceTree = "<group>"; };
		OBJ_40 /* GuakaConfig.swift */ = {isa = PBXFileReference; lastKnownFileType = sourcecode.swift; path = GuakaConfig.swift; sourceTree = "<group>"; };
		OBJ_41 /* Levenshtein.swift */ = {isa = PBXFileReference; lastKnownFileType = sourcecode.swift; path = Levenshtein.swift; sourceTree = "<group>"; };
		OBJ_43 /* ArgTokenType.swift */ = {isa = PBXFileReference; lastKnownFileType = sourcecode.swift; path = ArgTokenType.swift; sourceTree = "<group>"; };
		OBJ_44 /* Command+Parsing.swift */ = {isa = PBXFileReference; lastKnownFileType = sourcecode.swift; path = "Command+Parsing.swift"; sourceTree = "<group>"; };
		OBJ_45 /* FlagSet+Parsing.swift */ = {isa = PBXFileReference; lastKnownFileType = sourcecode.swift; path = "FlagSet+Parsing.swift"; sourceTree = "<group>"; };
		OBJ_47 /* Errors.swift */ = {isa = PBXFileReference; lastKnownFileType = sourcecode.swift; path = Errors.swift; sourceTree = "<group>"; };
		OBJ_48 /* FlagValue.swift */ = {isa = PBXFileReference; lastKnownFileType = sourcecode.swift; path = FlagValue.swift; sourceTree = "<group>"; };
		OBJ_49 /* Result.swift */ = {isa = PBXFileReference; lastKnownFileType = sourcecode.swift; path = Result.swift; sourceTree = "<group>"; };
		OBJ_50 /* Package.swift */ = {isa = PBXFileReference; explicitFileType = sourcecode.swift; name = Package.swift; path = /Users/braineo/Develop/swift/bssid/.build/checkouts/Guaka/Package.swift; sourceTree = "<group>"; };
		OBJ_53 /* CharacterSet.swift */ = {isa = PBXFileReference; lastKnownFileType = sourcecode.swift; path = CharacterSet.swift; sourceTree = "<group>"; };
		OBJ_54 /* Regex.swift */ = {isa = PBXFileReference; lastKnownFileType = sourcecode.swift; path = Regex.swift; sourceTree = "<group>"; };
		OBJ_55 /* ScannerResult.swift */ = {isa = PBXFileReference; lastKnownFileType = sourcecode.swift; path = ScannerResult.swift; sourceTree = "<group>"; };
		OBJ_56 /* StringExtension.swift */ = {isa = PBXFileReference; lastKnownFileType = sourcecode.swift; path = StringExtension.swift; sourceTree = "<group>"; };
		OBJ_57 /* StringScanner.swift */ = {isa = PBXFileReference; lastKnownFileType = sourcecode.swift; path = StringScanner.swift; sourceTree = "<group>"; };
		OBJ_58 /* Package.swift */ = {isa = PBXFileReference; explicitFileType = sourcecode.swift; name = Package.swift; path = /Users/braineo/Develop/swift/bssid/.build/checkouts/StringScanner/Package.swift; sourceTree = "<group>"; };
		OBJ_6 /* Package.swift */ = {isa = PBXFileReference; explicitFileType = sourcecode.swift; path = Package.swift; sourceTree = "<group>"; };
		OBJ_63 /* build */ = {isa = PBXFileReference; lastKnownFileType = folder; path = build; sourceTree = SOURCE_ROOT; };
		OBJ_64 /* LICENSE */ = {isa = PBXFileReference; lastKnownFileType = text; path = LICENSE; sourceTree = "<group>"; };
		OBJ_65 /* bssid.entitlements */ = {isa = PBXFileReference; lastKnownFileType = text.plist.entitlements; path = bssid.entitlements; sourceTree = "<group>"; };
		OBJ_66 /* README.md */ = {isa = PBXFileReference; lastKnownFileType = net.daringfireball.markdown; path = README.md; sourceTree = "<group>"; };
		OBJ_9 /* connect.swift */ = {isa = PBXFileReference; lastKnownFileType = sourcecode.swift; path = connect.swift; sourceTree = "<group>"; };
		"StringScanner::StringScanner::Product" /* StringScanner.framework */ = {isa = PBXFileReference; lastKnownFileType = wrapper.framework; path = StringScanner.framework; sourceTree = BUILT_PRODUCTS_DIR; };
		"bssid::bssid::Product" /* bssid */ = {isa = PBXFileReference; explicitFileType = "compiled.mach-o.executable"; path = bssid; sourceTree = BUILT_PRODUCTS_DIR; };
/* End PBXFileReference section */

/* Begin PBXFrameworksBuildPhase section */
		OBJ_115 /* Frameworks */ = {
			isa = PBXFrameworksBuildPhase;
			buildActionMask = 0;
			files = (
			);
			runOnlyForDeploymentPostprocessing = 0;
		};
		OBJ_133 /* Frameworks */ = {
			isa = PBXFrameworksBuildPhase;
			buildActionMask = 0;
			files = (
				OBJ_134 /* Guaka.framework in Frameworks */,
				OBJ_135 /* StringScanner.framework in Frameworks */,
			);
			runOnlyForDeploymentPostprocessing = 0;
		};
		OBJ_96 /* Frameworks */ = {
			isa = PBXFrameworksBuildPhase;
			buildActionMask = 0;
			files = (
				OBJ_97 /* StringScanner.framework in Frameworks */,
			);
			runOnlyForDeploymentPostprocessing = 0;
		};
/* End PBXFrameworksBuildPhase section */

/* Begin PBXGroup section */
		OBJ_15 /* Tests */ = {
			isa = PBXGroup;
			children = (
			);
			name = Tests;
			sourceTree = SOURCE_ROOT;
		};
		OBJ_16 /* Dependencies */ = {
			isa = PBXGroup;
			children = (
				OBJ_17 /* Guaka 0.3.1 */,
				OBJ_51 /* StringScanner 0.3.0 */,
			);
			name = Dependencies;
			sourceTree = "<group>";
		};
		OBJ_17 /* Guaka 0.3.1 */ = {
			isa = PBXGroup;
			children = (
				OBJ_18 /* Guaka */,
				OBJ_50 /* Package.swift */,
			);
			name = "Guaka 0.3.1";
			sourceTree = SOURCE_ROOT;
		};
		OBJ_18 /* Guaka */ = {
			isa = PBXGroup;
			children = (
				OBJ_19 /* Command */,
				OBJ_24 /* Execution */,
				OBJ_26 /* Flag */,
				OBJ_31 /* Help */,
				OBJ_39 /* Misc */,
				OBJ_42 /* Parsing */,
				OBJ_46 /* Types */,
			);
			name = Guaka;
			path = .build/checkouts/Guaka/Sources/Guaka;
			sourceTree = SOURCE_ROOT;
		};
		OBJ_19 /* Command */ = {
			isa = PBXGroup;
			children = (
				OBJ_20 /* Command+Execution.swift */,
				OBJ_21 /* Command+Utilities.swift */,
				OBJ_22 /* Command.swift */,
				OBJ_23 /* CommandTypes.swift */,
			);
			path = Command;
			sourceTree = "<group>";
		};
		OBJ_24 /* Execution */ = {
			isa = PBXGroup;
			children = (
				OBJ_25 /* CommandExecution.swift */,
			);
			path = Execution;
			sourceTree = "<group>";
		};
		OBJ_26 /* Flag */ = {
			isa = PBXGroup;
			children = (
				OBJ_27 /* Flag+Utilities.swift */,
				OBJ_28 /* Flag.swift */,
				OBJ_29 /* FlagSet.swift */,
				OBJ_30 /* Flags.swift */,
			);
			path = Flag;
			sourceTree = "<group>";
		};
		OBJ_31 /* Help */ = {
			isa = PBXGroup;
			children = (
				OBJ_32 /* CommandHelp.swift */,
				OBJ_33 /* DefaultHelpGenerator.swift */,
				OBJ_34 /* FlagHelp.swift */,
				OBJ_35 /* FlagHelpGeneratorUtils.swift */,
				OBJ_36 /* HelpGenerator.swift */,
				OBJ_37 /* HelpGeneratorDefaults.swift */,
				OBJ_38 /* HelpGeneratorErrors.swift */,
			);
			path = Help;
			sourceTree = "<group>";
		};
		OBJ_39 /* Misc */ = {
			isa = PBXGroup;
			children = (
				OBJ_40 /* GuakaConfig.swift */,
				OBJ_41 /* Levenshtein.swift */,
			);
			path = Misc;
			sourceTree = "<group>";
		};
		OBJ_42 /* Parsing */ = {
			isa = PBXGroup;
			children = (
				OBJ_43 /* ArgTokenType.swift */,
				OBJ_44 /* Command+Parsing.swift */,
				OBJ_45 /* FlagSet+Parsing.swift */,
			);
			path = Parsing;
			sourceTree = "<group>";
		};
		OBJ_46 /* Types */ = {
			isa = PBXGroup;
			children = (
				OBJ_47 /* Errors.swift */,
				OBJ_48 /* FlagValue.swift */,
				OBJ_49 /* Result.swift */,
			);
			path = Types;
			sourceTree = "<group>";
		};
		OBJ_5 /*  */ = {
			isa = PBXGroup;
			children = (
				OBJ_6 /* Package.swift */,
				OBJ_7 /* Sources */,
				OBJ_15 /* Tests */,
				OBJ_16 /* Dependencies */,
				OBJ_59 /* Products */,
				OBJ_63 /* build */,
				OBJ_64 /* LICENSE */,
				OBJ_65 /* bssid.entitlements */,
				OBJ_66 /* README.md */,
			);
			name = "";
			sourceTree = "<group>";
		};
		OBJ_51 /* StringScanner 0.3.0 */ = {
			isa = PBXGroup;
			children = (
				OBJ_52 /* StringScanner */,
				OBJ_58 /* Package.swift */,
			);
			name = "StringScanner 0.3.0";
			sourceTree = SOURCE_ROOT;
		};
		OBJ_52 /* StringScanner */ = {
			isa = PBXGroup;
			children = (
				OBJ_53 /* CharacterSet.swift */,
				OBJ_54 /* Regex.swift */,
				OBJ_55 /* ScannerResult.swift */,
				OBJ_56 /* StringExtension.swift */,
				OBJ_57 /* StringScanner.swift */,
			);
			name = StringScanner;
			path = .build/checkouts/StringScanner/Sources/StringScanner;
			sourceTree = SOURCE_ROOT;
		};
		OBJ_59 /* Products */ = {
			isa = PBXGroup;
			children = (
				"bssid::bssid::Product" /* bssid */,
				"StringScanner::StringScanner::Product" /* StringScanner.framework */,
				"Guaka::Guaka::Product" /* Guaka.framework */,
			);
			name = Products;
			sourceTree = BUILT_PRODUCTS_DIR;
		};
		OBJ_7 /* Sources */ = {
			isa = PBXGroup;
			children = (
				OBJ_8 /* bssid */,
			);
			name = Sources;
			sourceTree = SOURCE_ROOT;
		};
		OBJ_8 /* bssid */ = {
			isa = PBXGroup;
			children = (
				OBJ_9 /* connect.swift */,
				OBJ_10 /* main.swift */,
				OBJ_11 /* root.swift */,
				OBJ_12 /* scan.swift */,
				OBJ_13 /* setup.swift */,
				OBJ_14 /* utils.swift */,
			);
			name = bssid;
			path = Sources/bssid;
			sourceTree = SOURCE_ROOT;
		};
/* End PBXGroup section */

/* Begin PBXNativeTarget section */
		"Guaka::Guaka" /* Guaka */ = {
			isa = PBXNativeTarget;
			buildConfigurationList = OBJ_68 /* Build configuration list for PBXNativeTarget "Guaka" */;
			buildPhases = (
				OBJ_71 /* Sources */,
				OBJ_96 /* Frameworks */,
			);
			buildRules = (
			);
			dependencies = (
				OBJ_98 /* PBXTargetDependency */,
			);
			name = Guaka;
			productName = Guaka;
			productReference = "Guaka::Guaka::Product" /* Guaka.framework */;
			productType = "com.apple.product-type.framework";
		};
		"Guaka::SwiftPMPackageDescription" /* GuakaPackageDescription */ = {
			isa = PBXNativeTarget;
			buildConfigurationList = OBJ_101 /* Build configuration list for PBXNativeTarget "GuakaPackageDescription" */;
			buildPhases = (
				OBJ_104 /* Sources */,
			);
			buildRules = (
			);
			dependencies = (
			);
			name = GuakaPackageDescription;
			productName = GuakaPackageDescription;
			productType = "com.apple.product-type.framework";
		};
		"StringScanner::StringScanner" /* StringScanner */ = {
			isa = PBXNativeTarget;
			buildConfigurationList = OBJ_106 /* Build configuration list for PBXNativeTarget "StringScanner" */;
			buildPhases = (
				OBJ_109 /* Sources */,
				OBJ_115 /* Frameworks */,
			);
			buildRules = (
			);
			dependencies = (
			);
			name = StringScanner;
			productName = StringScanner;
			productReference = "StringScanner::StringScanner::Product" /* StringScanner.framework */;
			productType = "com.apple.product-type.framework";
		};
		"StringScanner::SwiftPMPackageDescription" /* StringScannerPackageDescription */ = {
			isa = PBXNativeTarget;
			buildConfigurationList = OBJ_117 /* Build configuration list for PBXNativeTarget "StringScannerPackageDescription" */;
			buildPhases = (
				OBJ_120 /* Sources */,
			);
			buildRules = (
			);
			dependencies = (
			);
			name = StringScannerPackageDescription;
			productName = StringScannerPackageDescription;
			productType = "com.apple.product-type.framework";
		};
		"bssid::SwiftPMPackageDescription" /* bssidPackageDescription */ = {
			isa = PBXNativeTarget;
			buildConfigurationList = OBJ_139 /* Build configuration list for PBXNativeTarget "bssidPackageDescription" */;
			buildPhases = (
				OBJ_142 /* Sources */,
			);
			buildRules = (
			);
			dependencies = (
			);
			name = bssidPackageDescription;
			productName = bssidPackageDescription;
			productType = "com.apple.product-type.framework";
		};
		"bssid::bssid" /* bssid */ = {
			isa = PBXNativeTarget;
			buildConfigurationList = OBJ_123 /* Build configuration list for PBXNativeTarget "bssid" */;
			buildPhases = (
				OBJ_126 /* Sources */,
				OBJ_133 /* Frameworks */,
			);
			buildRules = (
			);
			dependencies = (
				OBJ_136 /* PBXTargetDependency */,
				OBJ_137 /* PBXTargetDependency */,
			);
			name = bssid;
			productName = bssid;
			productReference = "bssid::bssid::Product" /* bssid */;
			productType = "com.apple.product-type.tool";
		};
/* End PBXNativeTarget section */

/* Begin PBXProject section */
		OBJ_1 /* Project object */ = {
			isa = PBXProject;
			attributes = {
				LastSwiftMigration = 9999;
				LastUpgradeCheck = 9999;
			};
			buildConfigurationList = OBJ_2 /* Build configuration list for PBXProject "bssid" */;
			compatibilityVersion = "Xcode 3.2";
			developmentRegion = en;
			hasScannedForEncodings = 0;
			knownRegions = (
				en,
			);
			mainGroup = OBJ_5 /*  */;
			productRefGroup = OBJ_59 /* Products */;
			projectDirPath = "";
			projectRoot = "";
			targets = (
				"Guaka::Guaka" /* Guaka */,
				"Guaka::SwiftPMPackageDescription" /* GuakaPackageDescription */,
				"StringScanner::StringScanner" /* StringScanner */,
				"StringScanner::SwiftPMPackageDescription" /* StringScannerPackageDescription */,
				"bssid::bssid" /* bssid */,
				"bssid::SwiftPMPackageDescription" /* bssidPackageDescription */,
			);
		};
/* End PBXProject section */

/* Begin PBXSourcesBuildPhase section */
		OBJ_104 /* Sources */ = {
			isa = PBXSourcesBuildPhase;
			buildActionMask = 0;
			files = (
				OBJ_105 /* Package.swift in Sources */,
			);
			runOnlyForDeploymentPostprocessing = 0;
		};
		OBJ_109 /* Sources */ = {
			isa = PBXSourcesBuildPhase;
			buildActionMask = 0;
			files = (
				OBJ_110 /* CharacterSet.swift in Sources */,
				OBJ_111 /* Regex.swift in Sources */,
				OBJ_112 /* ScannerResult.swift in Sources */,
				OBJ_113 /* StringExtension.swift in Sources */,
				OBJ_114 /* StringScanner.swift in Sources */,
			);
			runOnlyForDeploymentPostprocessing = 0;
		};
		OBJ_120 /* Sources */ = {
			isa = PBXSourcesBuildPhase;
			buildActionMask = 0;
			files = (
				OBJ_121 /* Package.swift in Sources */,
			);
			runOnlyForDeploymentPostprocessing = 0;
		};
		OBJ_126 /* Sources */ = {
			isa = PBXSourcesBuildPhase;
			buildActionMask = 0;
			files = (
				OBJ_127 /* connect.swift in Sources */,
				OBJ_128 /* main.swift in Sources */,
				OBJ_129 /* root.swift in Sources */,
				OBJ_130 /* scan.swift in Sources */,
				OBJ_131 /* setup.swift in Sources */,
				OBJ_132 /* utils.swift in Sources */,
			);
			runOnlyForDeploymentPostprocessing = 0;
		};
		OBJ_142 /* Sources */ = {
			isa = PBXSourcesBuildPhase;
			buildActionMask = 0;
			files = (
				OBJ_143 /* Package.swift in Sources */,
			);
			runOnlyForDeploymentPostprocessing = 0;
		};
		OBJ_71 /* Sources */ = {
			isa = PBXSourcesBuildPhase;
			buildActionMask = 0;
			files = (
				OBJ_72 /* Command+Execution.swift in Sources */,
				OBJ_73 /* Command+Utilities.swift in Sources */,
				OBJ_74 /* Command.swift in Sources */,
				OBJ_75 /* CommandTypes.swift in Sources */,
				OBJ_76 /* CommandExecution.swift in Sources */,
				OBJ_77 /* Flag+Utilities.swift in Sources */,
				OBJ_78 /* Flag.swift in Sources */,
				OBJ_79 /* FlagSet.swift in Sources */,
				OBJ_80 /* Flags.swift in Sources */,
				OBJ_81 /* CommandHelp.swift in Sources */,
				OBJ_82 /* DefaultHelpGenerator.swift in Sources */,
				OBJ_83 /* FlagHelp.swift in Sources */,
				OBJ_84 /* FlagHelpGeneratorUtils.swift in Sources */,
				OBJ_85 /* HelpGenerator.swift in Sources */,
				OBJ_86 /* HelpGeneratorDefaults.swift in Sources */,
				OBJ_87 /* HelpGeneratorErrors.swift in Sources */,
				OBJ_88 /* GuakaConfig.swift in Sources */,
				OBJ_89 /* Levenshtein.swift in Sources */,
				OBJ_90 /* ArgTokenType.swift in Sources */,
				OBJ_91 /* Command+Parsing.swift in Sources */,
				OBJ_92 /* FlagSet+Parsing.swift in Sources */,
				OBJ_93 /* Errors.swift in Sources */,
				OBJ_94 /* FlagValue.swift in Sources */,
				OBJ_95 /* Result.swift in Sources */,
			);
			runOnlyForDeploymentPostprocessing = 0;
		};
/* End PBXSourcesBuildPhase section */

/* Begin PBXTargetDependency section */
		OBJ_136 /* PBXTargetDependency */ = {
			isa = PBXTargetDependency;
			target = "Guaka::Guaka" /* Guaka */;
			targetProxy = 7C9D6ABA2379A9240039F2B8 /* PBXContainerItemProxy */;
		};
		OBJ_137 /* PBXTargetDependency */ = {
			isa = PBXTargetDependency;
			target = "StringScanner::StringScanner" /* StringScanner */;
			targetProxy = 7C9D6ABC2379A9240039F2B8 /* PBXContainerItemProxy */;
		};
		OBJ_98 /* PBXTargetDependency */ = {
			isa = PBXTargetDependency;
			target = "StringScanner::StringScanner" /* StringScanner */;
			targetProxy = 7C9D6ABB2379A9240039F2B8 /* PBXContainerItemProxy */;
		};
/* End PBXTargetDependency section */

/* Begin XCBuildConfiguration section */
		OBJ_102 /* Debug */ = {
			isa = XCBuildConfiguration;
			buildSettings = {
				LD = /usr/bin/true;
				OTHER_SWIFT_FLAGS = "-swift-version 4 -I $(TOOLCHAIN_DIR)/usr/lib/swift/pm/4 -target x86_64-apple-macosx10.10 -sdk /Applications/Xcode.app/Contents/Developer/Platforms/MacOSX.platform/Developer/SDKs/MacOSX10.15.sdk -package-description-version 4";
				SWIFT_VERSION = 4.0;
			};
			name = Debug;
		};
		OBJ_103 /* Release */ = {
			isa = XCBuildConfiguration;
			buildSettings = {
				LD = /usr/bin/true;
				OTHER_SWIFT_FLAGS = "-swift-version 4 -I $(TOOLCHAIN_DIR)/usr/lib/swift/pm/4 -target x86_64-apple-macosx10.10 -sdk /Applications/Xcode.app/Contents/Developer/Platforms/MacOSX.platform/Developer/SDKs/MacOSX10.15.sdk -package-description-version 4";
				SWIFT_VERSION = 4.0;
			};
			name = Release;
		};
		OBJ_107 /* Debug */ = {
			isa = XCBuildConfiguration;
			buildSettings = {
				ENABLE_TESTABILITY = YES;
				FRAMEWORK_SEARCH_PATHS = (
					"$(inherited)",
					"$(PLATFORM_DIR)/Developer/Library/Frameworks",
				);
				HEADER_SEARCH_PATHS = "$(inherited)";
				INFOPLIST_FILE = bssid.xcodeproj/StringScanner_Info.plist;
				LD_RUNPATH_SEARCH_PATHS = "$(inherited) $(TOOLCHAIN_DIR)/usr/lib/swift/macosx";
				OTHER_CFLAGS = "$(inherited)";
				OTHER_LDFLAGS = "$(inherited)";
				OTHER_SWIFT_FLAGS = "$(inherited)";
				PRODUCT_BUNDLE_IDENTIFIER = StringScanner;
				PRODUCT_MODULE_NAME = "$(TARGET_NAME:c99extidentifier)";
				PRODUCT_NAME = "$(TARGET_NAME:c99extidentifier)";
				SKIP_INSTALL = YES;
				SWIFT_ACTIVE_COMPILATION_CONDITIONS = "$(inherited)";
				SWIFT_VERSION = 4.0;
				TARGET_NAME = StringScanner;
			};
			name = Debug;
		};
		OBJ_108 /* Release */ = {
			isa = XCBuildConfiguration;
			buildSettings = {
				ENABLE_TESTABILITY = YES;
				FRAMEWORK_SEARCH_PATHS = (
					"$(inherited)",
					"$(PLATFORM_DIR)/Developer/Library/Frameworks",
				);
				HEADER_SEARCH_PATHS = "$(inherited)";
				INFOPLIST_FILE = bssid.xcodeproj/StringScanner_Info.plist;
				LD_RUNPATH_SEARCH_PATHS = "$(inherited) $(TOOLCHAIN_DIR)/usr/lib/swift/macosx";
				OTHER_CFLAGS = "$(inherited)";
				OTHER_LDFLAGS = "$(inherited)";
				OTHER_SWIFT_FLAGS = "$(inherited)";
				PRODUCT_BUNDLE_IDENTIFIER = StringScanner;
				PRODUCT_MODULE_NAME = "$(TARGET_NAME:c99extidentifier)";
				PRODUCT_NAME = "$(TARGET_NAME:c99extidentifier)";
				SKIP_INSTALL = YES;
				SWIFT_ACTIVE_COMPILATION_CONDITIONS = "$(inherited)";
				SWIFT_VERSION = 4.0;
				TARGET_NAME = StringScanner;
			};
			name = Release;
		};
		OBJ_118 /* Debug */ = {
			isa = XCBuildConfiguration;
			buildSettings = {
				LD = /usr/bin/true;
				OTHER_SWIFT_FLAGS = "-swift-version 4 -I $(TOOLCHAIN_DIR)/usr/lib/swift/pm/4 -target x86_64-apple-macosx10.10 -sdk /Applications/Xcode.app/Contents/Developer/Platforms/MacOSX.platform/Developer/SDKs/MacOSX10.15.sdk -package-description-version 4";
				SWIFT_VERSION = 4.0;
			};
			name = Debug;
		};
		OBJ_119 /* Release */ = {
			isa = XCBuildConfiguration;
			buildSettings = {
				LD = /usr/bin/true;
				OTHER_SWIFT_FLAGS = "-swift-version 4 -I $(TOOLCHAIN_DIR)/usr/lib/swift/pm/4 -target x86_64-apple-macosx10.10 -sdk /Applications/Xcode.app/Contents/Developer/Platforms/MacOSX.platform/Developer/SDKs/MacOSX10.15.sdk -package-description-version 4";
				SWIFT_VERSION = 4.0;
			};
			name = Release;
		};
		OBJ_124 /* Debug */ = {
			isa = XCBuildConfiguration;
			buildSettings = {
				CODE_SIGN_ENTITLEMENTS = bssid.entitlements;
				FRAMEWORK_SEARCH_PATHS = (
					"$(inherited)",
					"$(PLATFORM_DIR)/Developer/Library/Frameworks",
				);
				HEADER_SEARCH_PATHS = "$(inherited)";
				INFOPLIST_FILE = bssid.xcodeproj/bssid_Info.plist;
				LD_RUNPATH_SEARCH_PATHS = "$(inherited) $(TOOLCHAIN_DIR)/usr/lib/swift/macosx @executable_path";
				OTHER_CFLAGS = "$(inherited)";
				OTHER_LDFLAGS = "$(inherited)";
				OTHER_SWIFT_FLAGS = "$(inherited)";
				SWIFT_ACTIVE_COMPILATION_CONDITIONS = "$(inherited)";
				SWIFT_FORCE_DYNAMIC_LINK_STDLIB = YES;
				SWIFT_FORCE_STATIC_LINK_STDLIB = NO;
				SWIFT_VERSION = 4.2;
				TARGET_NAME = bssid;
			};
			name = Debug;
		};
		OBJ_125 /* Release */ = {
			isa = XCBuildConfiguration;
			buildSettings = {
				CODE_SIGN_ENTITLEMENTS = bssid.entitlements;
				FRAMEWORK_SEARCH_PATHS = (
					"$(inherited)",
					"$(PLATFORM_DIR)/Developer/Library/Frameworks",
				);
				HEADER_SEARCH_PATHS = "$(inherited)";
				INFOPLIST_FILE = bssid.xcodeproj/bssid_Info.plist;
				LD_RUNPATH_SEARCH_PATHS = "$(inherited) $(TOOLCHAIN_DIR)/usr/lib/swift/macosx @executable_path";
				OTHER_CFLAGS = "$(inherited)";
				OTHER_LDFLAGS = "$(inherited)";
				OTHER_SWIFT_FLAGS = "$(inherited)";
				SWIFT_ACTIVE_COMPILATION_CONDITIONS = "$(inherited)";
				SWIFT_FORCE_DYNAMIC_LINK_STDLIB = YES;
				SWIFT_FORCE_STATIC_LINK_STDLIB = NO;
				SWIFT_VERSION = 4.2;
				TARGET_NAME = bssid;
			};
			name = Release;
		};
		OBJ_140 /* Debug */ = {
			isa = XCBuildConfiguration;
			buildSettings = {
				LD = /usr/bin/true;
				OTHER_SWIFT_FLAGS = "-swift-version 4.2 -I $(TOOLCHAIN_DIR)/usr/lib/swift/pm/4_2 -target x86_64-apple-macosx10.10 -sdk /Applications/Xcode.app/Contents/Developer/Platforms/MacOSX.platform/Developer/SDKs/MacOSX10.15.sdk -package-description-version 4.2";
				SWIFT_VERSION = 4.2;
			};
			name = Debug;
		};
		OBJ_141 /* Release */ = {
			isa = XCBuildConfiguration;
			buildSettings = {
				LD = /usr/bin/true;
				OTHER_SWIFT_FLAGS = "-swift-version 4.2 -I $(TOOLCHAIN_DIR)/usr/lib/swift/pm/4_2 -target x86_64-apple-macosx10.10 -sdk /Applications/Xcode.app/Contents/Developer/Platforms/MacOSX.platform/Developer/SDKs/MacOSX10.15.sdk -package-description-version 4.2";
				SWIFT_VERSION = 4.2;
			};
			name = Release;
		};
		OBJ_3 /* Debug */ = {
			isa = XCBuildConfiguration;
			buildSettings = {
				CLANG_ENABLE_OBJC_ARC = YES;
				COMBINE_HIDPI_IMAGES = YES;
				COPY_PHASE_STRIP = NO;
				DEBUG_INFORMATION_FORMAT = dwarf;
				DYLIB_INSTALL_NAME_BASE = "@rpath";
				ENABLE_NS_ASSERTIONS = YES;
				GCC_OPTIMIZATION_LEVEL = 0;
				GCC_PREPROCESSOR_DEFINITIONS = (
					"$(inherited)",
					"SWIFT_PACKAGE=1",
					"DEBUG=1",
				);
				MACOSX_DEPLOYMENT_TARGET = 10.10;
				ONLY_ACTIVE_ARCH = YES;
				OTHER_SWIFT_FLAGS = "$(inherited) -DXcode";
				PRODUCT_NAME = "$(TARGET_NAME)";
				SDKROOT = macosx;
				SUPPORTED_PLATFORMS = "macosx iphoneos iphonesimulator appletvos appletvsimulator watchos watchsimulator";
				SWIFT_ACTIVE_COMPILATION_CONDITIONS = "$(inherited) SWIFT_PACKAGE DEBUG";
				SWIFT_OPTIMIZATION_LEVEL = "-Onone";
				USE_HEADERMAP = NO;
			};
			name = Debug;
		};
		OBJ_4 /* Release */ = {
			isa = XCBuildConfiguration;
			buildSettings = {
				CLANG_ENABLE_OBJC_ARC = YES;
				COMBINE_HIDPI_IMAGES = YES;
				COPY_PHASE_STRIP = YES;
				DEBUG_INFORMATION_FORMAT = "dwarf-with-dsym";
				DYLIB_INSTALL_NAME_BASE = "@rpath";
				GCC_OPTIMIZATION_LEVEL = s;
				GCC_PREPROCESSOR_DEFINITIONS = (
					"$(inherited)",
					"SWIFT_PACKAGE=1",
				);
				MACOSX_DEPLOYMENT_TARGET = 10.10;
				OTHER_SWIFT_FLAGS = "$(inherited) -DXcode";
				PRODUCT_NAME = "$(TARGET_NAME)";
				SDKROOT = macosx;
				SUPPORTED_PLATFORMS = "macosx iphoneos iphonesimulator appletvos appletvsimulator watchos watchsimulator";
				SWIFT_ACTIVE_COMPILATION_CONDITIONS = "$(inherited) SWIFT_PACKAGE";
				SWIFT_OPTIMIZATION_LEVEL = "-Owholemodule";
				USE_HEADERMAP = NO;
			};
			name = Release;
		};
		OBJ_69 /* Debug */ = {
			isa = XCBuildConfiguration;
			buildSettings = {
				ENABLE_TESTABILITY = YES;
				FRAMEWORK_SEARCH_PATHS = (
					"$(inherited)",
					"$(PLATFORM_DIR)/Developer/Library/Frameworks",
				);
				HEADER_SEARCH_PATHS = "$(inherited)";
				INFOPLIST_FILE = bssid.xcodeproj/Guaka_Info.plist;
				LD_RUNPATH_SEARCH_PATHS = "$(inherited) $(TOOLCHAIN_DIR)/usr/lib/swift/macosx";
				OTHER_CFLAGS = "$(inherited)";
				OTHER_LDFLAGS = "$(inherited)";
				OTHER_SWIFT_FLAGS = "$(inherited)";
				PRODUCT_BUNDLE_IDENTIFIER = Guaka;
				PRODUCT_MODULE_NAME = "$(TARGET_NAME:c99extidentifier)";
				PRODUCT_NAME = "$(TARGET_NAME:c99extidentifier)";
				SKIP_INSTALL = YES;
				SWIFT_ACTIVE_COMPILATION_CONDITIONS = "$(inherited)";
				SWIFT_VERSION = 4.0;
				TARGET_NAME = Guaka;
			};
			name = Debug;
		};
		OBJ_70 /* Release */ = {
			isa = XCBuildConfiguration;
			buildSettings = {
				ENABLE_TESTABILITY = YES;
				FRAMEWORK_SEARCH_PATHS = (
					"$(inherited)",
					"$(PLATFORM_DIR)/Developer/Library/Frameworks",
				);
				HEADER_SEARCH_PATHS = "$(inherited)";
				INFOPLIST_FILE = bssid.xcodeproj/Guaka_Info.plist;
				LD_RUNPATH_SEARCH_PATHS = "$(inherited) $(TOOLCHAIN_DIR)/usr/lib/swift/macosx";
				OTHER_CFLAGS = "$(inherited)";
				OTHER_LDFLAGS = "$(inherited)";
				OTHER_SWIFT_FLAGS = "$(inherited)";
				PRODUCT_BUNDLE_IDENTIFIER = Guaka;
				PRODUCT_MODULE_NAME = "$(TARGET_NAME:c99extidentifier)";
				PRODUCT_NAME = "$(TARGET_NAME:c99extidentifier)";
				SKIP_INSTALL = YES;
				SWIFT_ACTIVE_COMPILATION_CONDITIONS = "$(inherited)";
				SWIFT_VERSION = 4.0;
				TARGET_NAME = Guaka;
			};
			name = Release;
		};
/* End XCBuildConfiguration section */

/* Begin XCConfigurationList section */
		OBJ_101 /* Build configuration list for PBXNativeTarget "GuakaPackageDescription" */ = {
			isa = XCConfigurationList;
			buildConfigurations = (
				OBJ_102 /* Debug */,
				OBJ_103 /* Release */,
			);
			defaultConfigurationIsVisible = 0;
			defaultConfigurationName = Release;
		};
		OBJ_106 /* Build configuration list for PBXNativeTarget "StringScanner" */ = {
			isa = XCConfigurationList;
			buildConfigurations = (
				OBJ_107 /* Debug */,
				OBJ_108 /* Release */,
			);
			defaultConfigurationIsVisible = 0;
			defaultConfigurationName = Release;
		};
		OBJ_117 /* Build configuration list for PBXNativeTarget "StringScannerPackageDescription" */ = {
			isa = XCConfigurationList;
			buildConfigurations = (
				OBJ_118 /* Debug */,
				OBJ_119 /* Release */,
			);
			defaultConfigurationIsVisible = 0;
			defaultConfigurationName = Release;
		};
		OBJ_123 /* Build configuration list for PBXNativeTarget "bssid" */ = {
			isa = XCConfigurationList;
			buildConfigurations = (
				OBJ_124 /* Debug */,
				OBJ_125 /* Release */,
			);
			defaultConfigurationIsVisible = 0;
			defaultConfigurationName = Release;
		};
		OBJ_139 /* Build configuration list for PBXNativeTarget "bssidPackageDescription" */ = {
			isa = XCConfigurationList;
			buildConfigurations = (
				OBJ_140 /* Debug */,
				OBJ_141 /* Release */,
			);
			defaultConfigurationIsVisible = 0;
			defaultConfigurationName = Release;
		};
		OBJ_2 /* Build configuration list for PBXProject "bssid" */ = {
			isa = XCConfigurationList;
			buildConfigurations = (
				OBJ_3 /* Debug */,
				OBJ_4 /* Release */,
			);
			defaultConfigurationIsVisible = 0;
			defaultConfigurationName = Release;
		};
		OBJ_68 /* Build configuration list for PBXNativeTarget "Guaka" */ = {
			isa = XCConfigurationList;
			buildConfigurations = (
				OBJ_69 /* Debug */,
				OBJ_70 /* Release */,
			);
			defaultConfigurationIsVisible = 0;
			defaultConfigurationName = Release;
		};
/* End XCConfigurationList section */
	};
	rootObject = OBJ_1 /* Project object */;
}
